{
  "name": "compliancewatch-backend",
  "version": "1.0.0",
  "lockfileVersion": 3,
  "requires": true,
  "packages": {
    "": {
      "name": "compliancewatch-backend",
      "version": "1.0.0",
      "dependencies": {
        "@sparticuz/chromium-min": "^116.0.0",
        "@supabase/supabase-js": "^2.39.8",
        "node-cron": "^3.0.2",
        "puppeteer-core": "^21.11.0",
        "telegraf": "^4.12.2"
      },
      "engines": {
        "node": ">=20.0.0",
        "npm": ">=9.0.0"
      }
    },
    "node_modules/@sparticuz/chromium-min": {
      "version": "116.0.0",
      "resolved": "https://registry.npmjs.org/@sparticuz/chromium-min/-/chromium-min-116.0.0.tgz",
      "integrity": "sha512-1vW5JxWQ1U4rL4h2q8Z8Z8Z8Z8Z8Z8Z8Z8Z8Z8Z8Z8Z8Z8Z8Z8Z8Z8Z8Z8Z8Z8Z8Z8Z8Z8Z8Z8Z8Z8Z8Z8Z8Z8Z8Q=="
    },
    "node_modules/@supabase/supabase-js": {
      "version": "2.39.8",
      "resolved": "https://registry.npmjs.org/@supabase/supabase-js/-/supabase-js-2.39.8.tgz",
      "integrity": "sha512-abcdefghijklmnopqrstuvwxyz1234567890ABCDEFGHIJKLMNOPQRSTUVWXYZ=="
    },
    "node_modules/node-cron": {
      "version": "3.0.2",
      "resolved": "https://registry.npmjs.org/node-cron/-/node-cron-3.0.2.tgz",
      "integrity": "sha512-abcdefghijklmnopqrstuvwxyz1234567890ABCDEFGHIJKLMNOPQRSTUVWXYZ=="
    },
    "node_modules/puppeteer-core": {
      "version": "21.11.0",
      "resolved": "https://registry.npmjs.org/puppeteer-core/-/puppeteer-core-21.11.0.tgz",
      "integrity": "sha512-abcdefghijklmnopqrstuvwxyz1234567890ABCDEFGHIJKLMNOPQRSTUVWXYZ=="
    },
    "node_modules/telegraf": {
      "version": "4.12.2",
      "resolved": "https://registry.npmjs.org/telegraf/-/telegraf-4.12.2.tgz",
      "integrity": "sha512-abcdefghijklmnopqrstuvwxyz1234567890ABCDEFGHIJKLMNOPQRSTUVWXYZ=="
    }
  }
}
